
Microsoft Visual Studio Solution File, Format Version 12.00
# Visual Studio Version 16
VisualStudioVersion = 16.0.28803.352
MinimumVisualStudioVersion = 10.0.40219.1
Project("{9A19103F-16F7-4668-BE54-9A1E7A4F7556}") = "WarframeTrackerLib", "WarframeTrackerLib\WarframeTrackerLib.csproj", "{847AEB11-56E3-4D67-88D1-D2E869C91451}"
EndProject
Project("{9A19103F-16F7-4668-BE54-9A1E7A4F7556}") = "Website", "Website\Website.csproj", "{CBDCDEEF-558D-4F08-B55D-4CF5E77D66FC}"
EndProject
Project("{9A19103F-16F7-4668-BE54-9A1E7A4F7556}") = "WarframeTrackerCron", "WarframeTrackerCron\WarframeTrackerCron.csproj", "{54137B16-2313-4084-A0E5-D90909FEF6AB}"
EndProject
Project("{9A19103F-16F7-4668-BE54-9A1E7A4F7556}") = "TaskTrigger", "TaskTrigger\TaskTrigger.csproj", "{B156BFA2-9E17-4B2B-BE62-4CA2E46BCF9B}"
EndProject
Project("{9A19103F-16F7-4668-BE54-9A1E7A4F7556}") = "WarframeTrackerTests", "WarframeTrackerTests\WarframeTrackerTests.csproj", "{87720C8D-F6AB-4927-AEDD-46A802A5FBBE}"
EndProject
Global
	GlobalSection(SolutionConfigurationPlatforms) = preSolution
		Debug|Any CPU = Debug|Any CPU
		Release|Any CPU = Release|Any CPU
	EndGlobalSection
	GlobalSection(ProjectConfigurationPlatforms) = postSolution
		{847AEB11-56E3-4D67-88D1-D2E869C91451}.Debug|Any CPU.ActiveCfg = Debug|Any CPU
		{847AEB11-56E3-4D67-88D1-D2E869C91451}.Debug|Any CPU.Build.0 = Debug|Any CPU
		{847AEB11-56E3-4D67-88D1-D2E869C91451}.Release|Any CPU.ActiveCfg = Release|Any CPU
		{847AEB11-56E3-4D67-88D1-D2E869C91451}.Release|Any CPU.Build.0 = Release|Any CPU
		{CBDCDEEF-558D-4F08-B55D-4CF5E77D66FC}.Debug|Any CPU.ActiveCfg = Debug|Any CPU
		{CBDCDEEF-558D-4F08-B55D-4CF5E77D66FC}.Debug|Any CPU.Build.0 = Debug|Any CPU
		{CBDCDEEF-558D-4F08-B55D-4CF5E77D66FC}.Release|Any CPU.ActiveCfg = Release|Any CPU
		{CBDCDEEF-558D-4F08-B55D-4CF5E77D66FC}.Release|Any CPU.Build.0 = Release|Any CPU
		{54137B16-2313-4084-A0E5-D90909FEF6AB}.Debug|Any CPU.ActiveCfg = Debug|Any CPU
		{54137B16-2313-4084-A0E5-D90909FEF6AB}.Debug|Any CPU.Build.0 = Debug|Any CPU
		{54137B16-2313-4084-A0E5-D90909FEF6AB}.Release|Any CPU.ActiveCfg = Release|Any CPU
		{54137B16-2313-4084-A0E5-D90909FEF6AB}.Release|Any CPU.Build.0 = Release|Any CPU
		{B156BFA2-9E17-4B2B-BE62-4CA2E46BCF9B}.Debug|Any CPU.ActiveCfg = Debug|Any CPU
		{B156BFA2-9E17-4B2B-BE62-4CA2E46BCF9B}.Debug|Any CPU.Build.0 = Debug|Any CPU
		{B156BFA2-9E17-4B2B-BE62-4CA2E46BCF9B}.Release|Any CPU.ActiveCfg = Release|Any CPU
		{B156BFA2-9E17-4B2B-BE62-4CA2E46BCF9B}.Release|Any CPU.Build.0 = Release|Any CPU
		{87720C8D-F6AB-4927-AEDD-46A802A5FBBE}.Debug|Any CPU.ActiveCfg = Debug|Any CPU
		{87720C8D-F6AB-4927-AEDD-46A802A5FBBE}.Debug|Any CPU.Build.0 = Debug|Any CPU
		{87720C8D-F6AB-4927-AEDD-46A802A5FBBE}.Release|Any CPU.ActiveCfg = Release|Any CPU
		{87720C8D-F6AB-4927-AEDD-46A802A5FBBE}.Release|Any CPU.Build.0 = Release|Any CPU
	EndGlobalSection
	GlobalSection(SolutionProperties) = preSolution
		HideSolutionNode = FALSE
	EndGlobalSection
	GlobalSection(ExtensibilityGlobals) = postSolution
		SolutionGuid = {67AF2A54-2334-4E2E-AF5F-45B6C5C471BE}
	EndGlobalSection
EndGlobal
